
Microsoft Visual Studio Solution File, Format Version 12.00
# Visual Studio Version 17
VisualStudioVersion = 17.5.002.0
MinimumVisualStudioVersion = 10.0.40219.1
Project("{9A19103F-16F7-4668-BE54-9A1E7A4F7556}") = "MIS330-GroupProject1", "MIS330-GroupProject1.csproj", "{12A42353-A960-4D3D-9375-1FB24916748C}"
EndProject
Global
	GlobalSection(SolutionConfigurationPlatforms) = preSolution
		Debug|Any CPU = Debug|Any CPU
		Release|Any CPU = Release|Any CPU
	EndGlobalSection
	GlobalSection(ProjectConfigurationPlatforms) = postSolution
		{12A42353-A960-4D3D-9375-1FB24916748C}.Debug|Any CPU.ActiveCfg = Debug|Any CPU
		{12A42353-A960-4D3D-9375-1FB24916748C}.Debug|Any CPU.Build.0 = Debug|Any CPU
		{12A42353-A960-4D3D-9375-1FB24916748C}.Release|Any CPU.ActiveCfg = Release|Any CPU
		{12A42353-A960-4D3D-9375-1FB24916748C}.Release|Any CPU.Build.0 = Release|Any CPU
	EndGlobalSection
	GlobalSection(SolutionProperties) = preSolution
		HideSolutionNode = FALSE
	EndGlobalSection
	GlobalSection(ExtensibilityGlobals) = postSolution
		SolutionGuid = {FAAE853F-F914-4B6D-8969-457316ED282C}
	EndGlobalSection
EndGlobal
